
Microsoft Visual Studio Solution File, Format Version 12.00
# Visual Studio 2013
VisualStudioVersion = 12.0.30324.0
MinimumVisualStudioVersion = 10.0.40219.1
Project("{2150E333-8FDC-42A3-9474-1A3956D46DE8}") = "TriviaGame", "TriviaGame", "{FF578A92-0E13-4057-8C4A-5D4C79B5CCFC}"
EndProject
Project("{D954291E-2A0B-460D-934E-DC6B0785DB48}") = "TriviaGame.Shared", "TriviaGame\TriviaGame.Shared\TriviaGame.Shared.shproj", "{800651B1-A980-426E-9938-9C0EB3CCA237}"
EndProject
Project("{FAE04EC0-301F-11D3-BF4B-00C04F79EFBC}") = "TriviaGame.Windows", "TriviaGame\TriviaGame.Windows\TriviaGame.Windows.csproj", "{F1C5ABC8-FE2F-4748-A6CD-E6E8364DBD80}"
EndProject
Project("{FAE04EC0-301F-11D3-BF4B-00C04F79EFBC}") = "TriviaGame.WindowsPhone", "TriviaGame\TriviaGame.WindowsPhone\TriviaGame.WindowsPhone.csproj", "{36698EB0-6093-427F-8667-E82F5F689F6B}"
EndProject
Project("{8BC9CEB8-8B4A-11D0-8D11-00A0C91BC942}") = "BluetoothCommunication", "TriviaGame\ArduinoBluetooth\BluetoothCommunication\BluetoothCommunication.vcxproj", "{04A1979F-F11F-4128-809F-1918BE9A0832}"
EndProject
Global
	GlobalSection(SharedMSBuildProjectFiles) = preSolution
		TriviaGame\TriviaGame.Shared\TriviaGame.Shared.projitems*{800651b1-a980-426e-9938-9c0eb3cca237}*SharedItemsImports = 13
		TriviaGame\TriviaGame.Shared\TriviaGame.Shared.projitems*{36698eb0-6093-427f-8667-e82f5f689f6b}*SharedItemsImports = 4
		TriviaGame\TriviaGame.Shared\TriviaGame.Shared.projitems*{f1c5abc8-fe2f-4748-a6cd-e6e8364dbd80}*SharedItemsImports = 4
	EndGlobalSection
	GlobalSection(SolutionConfigurationPlatforms) = preSolution
		Debug|Any CPU = Debug|Any CPU
		Debug|ARM = Debug|ARM
		Debug|Mixed Platforms = Debug|Mixed Platforms
		Debug|Win32 = Debug|Win32
		Debug|x64 = Debug|x64
		Debug|x86 = Debug|x86
		Release|Any CPU = Release|Any CPU
		Release|ARM = Release|ARM
		Release|Mixed Platforms = Release|Mixed Platforms
		Release|Win32 = Release|Win32
		Release|x64 = Release|x64
		Release|x86 = Release|x86
	EndGlobalSection
	GlobalSection(ProjectConfigurationPlatforms) = postSolution
		{F1C5ABC8-FE2F-4748-A6CD-E6E8364DBD80}.Debug|Any CPU.ActiveCfg = Debug|Any CPU
		{F1C5ABC8-FE2F-4748-A6CD-E6E8364DBD80}.Debug|Any CPU.Build.0 = Debug|Any CPU
		{F1C5ABC8-FE2F-4748-A6CD-E6E8364DBD80}.Debug|Any CPU.Deploy.0 = Debug|Any CPU
		{F1C5ABC8-FE2F-4748-A6CD-E6E8364DBD80}.Debug|ARM.ActiveCfg = Debug|ARM
		{F1C5ABC8-FE2F-4748-A6CD-E6E8364DBD80}.Debug|ARM.Build.0 = Debug|ARM
		{F1C5ABC8-FE2F-4748-A6CD-E6E8364DBD80}.Debug|ARM.Deploy.0 = Debug|ARM
		{F1C5ABC8-FE2F-4748-A6CD-E6E8364DBD80}.Debug|Mixed Platforms.ActiveCfg = Debug|x86
		{F1C5ABC8-FE2F-4748-A6CD-E6E8364DBD80}.Debug|Mixed Platforms.Build.0 = Debug|x86
		{F1C5ABC8-FE2F-4748-A6CD-E6E8364DBD80}.Debug|Mixed Platforms.Deploy.0 = Debug|x86
		{F1C5ABC8-FE2F-4748-A6CD-E6E8364DBD80}.Debug|Win32.ActiveCfg = Debug|x86
		{F1C5ABC8-FE2F-4748-A6CD-E6E8364DBD80}.Debug|Win32.Build.0 = Debug|x86
		{F1C5ABC8-FE2F-4748-A6CD-E6E8364DBD80}.Debug|Win32.Deploy.0 = Debug|x86
		{F1C5ABC8-FE2F-4748-A6CD-E6E8364DBD80}.Debug|x64.ActiveCfg = Debug|x64
		{F1C5ABC8-FE2F-4748-A6CD-E6E8364DBD80}.Debug|x64.Build.0 = Debug|x64
		{F1C5ABC8-FE2F-4748-A6CD-E6E8364DBD80}.Debug|x64.Deploy.0 = Debug|x64
		{F1C5ABC8-FE2F-4748-A6CD-E6E8364DBD80}.Debug|x86.ActiveCfg = Debug|x86
		{F1C5ABC8-FE2F-4748-A6CD-E6E8364DBD80}.Debug|x86.Build.0 = Debug|x86
		{F1C5ABC8-FE2F-4748-A6CD-E6E8364DBD80}.Debug|x86.Deploy.0 = Debug|x86
		{F1C5ABC8-FE2F-4748-A6CD-E6E8364DBD80}.Release|Any CPU.ActiveCfg = Release|Any CPU
		{F1C5ABC8-FE2F-4748-A6CD-E6E8364DBD80}.Release|Any CPU.Build.0 = Release|Any CPU
		{F1C5ABC8-FE2F-4748-A6CD-E6E8364DBD80}.Release|Any CPU.Deploy.0 = Release|Any CPU
		{F1C5ABC8-FE2F-4748-A6CD-E6E8364DBD80}.Release|ARM.ActiveCfg = Release|ARM
		{F1C5ABC8-FE2F-4748-A6CD-E6E8364DBD80}.Release|ARM.Build.0 = Release|ARM
		{F1C5ABC8-FE2F-4748-A6CD-E6E8364DBD80}.Release|ARM.Deploy.0 = Release|ARM
		{F1C5ABC8-FE2F-4748-A6CD-E6E8364DBD80}.Release|Mixed Platforms.ActiveCfg = Release|x86
		{F1C5ABC8-FE2F-4748-A6CD-E6E8364DBD80}.Release|Mixed Platforms.Build.0 = Release|x86
		{F1C5ABC8-FE2F-4748-A6CD-E6E8364DBD80}.Release|Mixed Platforms.Deploy.0 = Release|x86
		{F1C5ABC8-FE2F-4748-A6CD-E6E8364DBD80}.Release|Win32.ActiveCfg = Release|x86
		{F1C5ABC8-FE2F-4748-A6CD-E6E8364DBD80}.Release|Win32.Build.0 = Release|x86
		{F1C5ABC8-FE2F-4748-A6CD-E6E8364DBD80}.Release|Win32.Deploy.0 = Release|x86
		{F1C5ABC8-FE2F-4748-A6CD-E6E8364DBD80}.Release|x64.ActiveCfg = Release|x64
		{F1C5ABC8-FE2F-4748-A6CD-E6E8364DBD80}.Release|x64.Build.0 = Release|x64
		{F1C5ABC8-FE2F-4748-A6CD-E6E8364DBD80}.Release|x64.Deploy.0 = Release|x64
		{F1C5ABC8-FE2F-4748-A6CD-E6E8364DBD80}.Release|x86.ActiveCfg = Release|x86
		{F1C5ABC8-FE2F-4748-A6CD-E6E8364DBD80}.Release|x86.Build.0 = Release|x86
		{F1C5ABC8-FE2F-4748-A6CD-E6E8364DBD80}.Release|x86.Deploy.0 = Release|x86
		{36698EB0-6093-427F-8667-E82F5F689F6B}.Debug|Any CPU.ActiveCfg = Debug|Any CPU
		{36698EB0-6093-427F-8667-E82F5F689F6B}.Debug|Any CPU.Build.0 = Debug|Any CPU
		{36698EB0-6093-427F-8667-E82F5F689F6B}.Debug|Any CPU.Deploy.0 = Debug|Any CPU
		{36698EB0-6093-427F-8667-E82F5F689F6B}.Debug|ARM.ActiveCfg = Debug|ARM
		{36698EB0-6093-427F-8667-E82F5F689F6B}.Debug|ARM.Build.0 = Debug|ARM
		{36698EB0-6093-427F-8667-E82F5F689F6B}.Debug|ARM.Deploy.0 = Debug|ARM
		{36698EB0-6093-427F-8667-E82F5F689F6B}.Debug|Mixed Platforms.ActiveCfg = Debug|x86
		{36698EB0-6093-427F-8667-E82F5F689F6B}.Debug|Mixed Platforms.Build.0 = Debug|x86
		{36698EB0-6093-427F-8667-E82F5F689F6B}.Debug|Mixed Platforms.Deploy.0 = Debug|x86
		{36698EB0-6093-427F-8667-E82F5F689F6B}.Debug|Win32.ActiveCfg = Debug|x86
		{36698EB0-6093-427F-8667-E82F5F689F6B}.Debug|Win32.Build.0 = Debug|x86
		{36698EB0-6093-427F-8667-E82F5F689F6B}.Debug|Win32.Deploy.0 = Debug|x86
		{36698EB0-6093-427F-8667-E82F5F689F6B}.Debug|x64.ActiveCfg = Debug|Any CPU
		{36698EB0-6093-427F-8667-E82F5F689F6B}.Debug|x86.ActiveCfg = Debug|x86
		{36698EB0-6093-427F-8667-E82F5F689F6B}.Debug|x86.Build.0 = Debug|x86
		{36698EB0-6093-427F-8667-E82F5F689F6B}.Debug|x86.Deploy.0 = Debug|x86
		{36698EB0-6093-427F-8667-E82F5F689F6B}.Release|Any CPU.ActiveCfg = Release|Any CPU
		{36698EB0-6093-427F-8667-E82F5F689F6B}.Release|Any CPU.Build.0 = Release|Any CPU
		{36698EB0-6093-427F-8667-E82F5F689F6B}.Release|Any CPU.Deploy.0 = Release|Any CPU
		{36698EB0-6093-427F-8667-E82F5F689F6B}.Release|ARM.ActiveCfg = Release|ARM
		{36698EB0-6093-427F-8667-E82F5F689F6B}.Release|ARM.Build.0 = Release|ARM
		{36698EB0-6093-427F-8667-E82F5F689F6B}.Release|ARM.Deploy.0 = Release|ARM
		{36698EB0-6093-427F-8667-E82F5F689F6B}.Release|Mixed Platforms.ActiveCfg = Release|x86
		{36698EB0-6093-427F-8667-E82F5F689F6B}.Release|Mixed Platforms.Build.0 = Release|x86
		{36698EB0-6093-427F-8667-E82F5F689F6B}.Release|Mixed Platforms.Deploy.0 = Release|x86
		{36698EB0-6093-427F-8667-E82F5F689F6B}.Release|Win32.ActiveCfg = Release|x86
		{36698EB0-6093-427F-8667-E82F5F689F6B}.Release|Win32.Build.0 = Release|x86
		{36698EB0-6093-427F-8667-E82F5F689F6B}.Release|Win32.Deploy.0 = Release|x86
		{36698EB0-6093-427F-8667-E82F5F689F6B}.Release|x64.ActiveCfg = Release|Any CPU
		{36698EB0-6093-427F-8667-E82F5F689F6B}.Release|x86.ActiveCfg = Release|x86
		{36698EB0-6093-427F-8667-E82F5F689F6B}.Release|x86.Build.0 = Release|x86
		{36698EB0-6093-427F-8667-E82F5F689F6B}.Release|x86.Deploy.0 = Release|x86
		{04A1979F-F11F-4128-809F-1918BE9A0832}.Debug|Any CPU.ActiveCfg = Debug|Win32
		{04A1979F-F11F-4128-809F-1918BE9A0832}.Debug|ARM.ActiveCfg = Debug|Win32
		{04A1979F-F11F-4128-809F-1918BE9A0832}.Debug|Mixed Platforms.ActiveCfg = Debug|Win32
		{04A1979F-F11F-4128-809F-1918BE9A0832}.Debug|Mixed Platforms.Build.0 = Debug|Win32
		{04A1979F-F11F-4128-809F-1918BE9A0832}.Debug|Win32.ActiveCfg = Debug|Win32
		{04A1979F-F11F-4128-809F-1918BE9A0832}.Debug|Win32.Build.0 = Debug|Win32
		{04A1979F-F11F-4128-809F-1918BE9A0832}.Debug|x64.ActiveCfg = Debug|Win32
		{04A1979F-F11F-4128-809F-1918BE9A0832}.Debug|x86.ActiveCfg = Debug|Win32
		{04A1979F-F11F-4128-809F-1918BE9A0832}.Debug|x86.Build.0 = Debug|Win32
		{04A1979F-F11F-4128-809F-1918BE9A0832}.Release|Any CPU.ActiveCfg = Release|Win32
		{04A1979F-F11F-4128-809F-1918BE9A0832}.Release|ARM.ActiveCfg = Release|Win32
		{04A1979F-F11F-4128-809F-1918BE9A0832}.Release|Mixed Platforms.ActiveCfg = Release|Win32
		{04A1979F-F11F-4128-809F-1918BE9A0832}.Release|Mixed Platforms.Build.0 = Release|Win32
		{04A1979F-F11F-4128-809F-1918BE9A0832}.Release|Win32.ActiveCfg = Release|Win32
		{04A1979F-F11F-4128-809F-1918BE9A0832}.Release|Win32.Build.0 = Release|Win32
		{04A1979F-F11F-4128-809F-1918BE9A0832}.Release|x64.ActiveCfg = Release|Win32
		{04A1979F-F11F-4128-809F-1918BE9A0832}.Release|x86.ActiveCfg = Release|Win32
		{04A1979F-F11F-4128-809F-1918BE9A0832}.Release|x86.Build.0 = Release|Win32
	EndGlobalSection
	GlobalSection(SolutionProperties) = preSolution
		HideSolutionNode = FALSE
	EndGlobalSection
	GlobalSection(NestedProjects) = preSolution
		{800651B1-A980-426E-9938-9C0EB3CCA237} = {FF578A92-0E13-4057-8C4A-5D4C79B5CCFC}
		{F1C5ABC8-FE2F-4748-A6CD-E6E8364DBD80} = {FF578A92-0E13-4057-8C4A-5D4C79B5CCFC}
		{36698EB0-6093-427F-8667-E82F5F689F6B} = {FF578A92-0E13-4057-8C4A-5D4C79B5CCFC}
	EndGlobalSection
EndGlobal
